
Microsoft Visual Studio Solution File, Format Version 12.00
# Visual Studio Version 16
VisualStudioVersion = 16.0.28922.388
MinimumVisualStudioVersion = 10.0.40219.1
Project("{FAE04EC0-301F-11D3-BF4B-00C04F79EFBC}") = "Bibliotheek.wpf", "Bibliotheek.wpf\Bibliotheek.wpf.csproj", "{35F0114A-AB9D-42D1-BE0A-4776424F67A7}"
EndProject
Project("{FAE04EC0-301F-11D3-BF4B-00C04F79EFBC}") = "Utilities.Lib", "..\..\..\OneDrive\Desktop\Utilities\Utilities.Lib\Utilities.Lib.csproj", "{6DEF1C95-2343-429E-9AA2-7C0063BAEB65}"
EndProject
Global
	GlobalSection(SolutionConfigurationPlatforms) = preSolution
		Debug|Any CPU = Debug|Any CPU
		Release|Any CPU = Release|Any CPU
	EndGlobalSection
	GlobalSection(ProjectConfigurationPlatforms) = postSolution
		{35F0114A-AB9D-42D1-BE0A-4776424F67A7}.Debug|Any CPU.ActiveCfg = Debug|Any CPU
		{35F0114A-AB9D-42D1-BE0A-4776424F67A7}.Debug|Any CPU.Build.0 = Debug|Any CPU
		{35F0114A-AB9D-42D1-BE0A-4776424F67A7}.Release|Any CPU.ActiveCfg = Release|Any CPU
		{35F0114A-AB9D-42D1-BE0A-4776424F67A7}.Release|Any CPU.Build.0 = Release|Any CPU
		{6DEF1C95-2343-429E-9AA2-7C0063BAEB65}.Debug|Any CPU.ActiveCfg = Debug|Any CPU
		{6DEF1C95-2343-429E-9AA2-7C0063BAEB65}.Debug|Any CPU.Build.0 = Debug|Any CPU
		{6DEF1C95-2343-429E-9AA2-7C0063BAEB65}.Release|Any CPU.ActiveCfg = Release|Any CPU
		{6DEF1C95-2343-429E-9AA2-7C0063BAEB65}.Release|Any CPU.Build.0 = Release|Any CPU
	EndGlobalSection
	GlobalSection(SolutionProperties) = preSolution
		HideSolutionNode = FALSE
	EndGlobalSection
	GlobalSection(ExtensibilityGlobals) = postSolution
		SolutionGuid = {E1241AEE-DDD4-4EE5-B843-1B31AD25BE80}
	EndGlobalSection
EndGlobal
